// !$*UTF8*$!
{
	archiveVersion = 1;
	classes = {
	};
	objectVersion = 50;
	objects = {

/* Begin PBXBuildFile section */
		751A13C425C16B0E007A0145 /* AppDelegate.swift in Sources */ = {isa = PBXBuildFile; fileRef = 751A13C325C16B0E007A0145 /* AppDelegate.swift */; };
		751A13C625C16B0E007A0145 /* SceneDelegate.swift in Sources */ = {isa = PBXBuildFile; fileRef = 751A13C525C16B0E007A0145 /* SceneDelegate.swift */; };
		751A13C825C16B0E007A0145 /* ViewController.swift in Sources */ = {isa = PBXBuildFile; fileRef = 751A13C725C16B0E007A0145 /* ViewController.swift */; };
		751A13CB25C16B0E007A0145 /* Main.storyboard in Resources */ = {isa = PBXBuildFile; fileRef = 751A13C925C16B0E007A0145 /* Main.storyboard */; };
		751A13CD25C16B10007A0145 /* Assets.xcassets in Resources */ = {isa = PBXBuildFile; fileRef = 751A13CC25C16B10007A0145 /* Assets.xcassets */; };
		751A13D025C16B10007A0145 /* LaunchScreen.storyboard in Resources */ = {isa = PBXBuildFile; fileRef = 751A13CE25C16B10007A0145 /* LaunchScreen.storyboard */; };
		751A13DB25C16B10007A0145 /* StopWatchTests.swift in Sources */ = {isa = PBXBuildFile; fileRef = 751A13DA25C16B10007A0145 /* StopWatchTests.swift */; };
		751A13E625C16B10007A0145 /* StopWatchUITests.swift in Sources */ = {isa = PBXBuildFile; fileRef = 751A13E525C16B10007A0145 /* StopWatchUITests.swift */; };
/* End PBXBuildFile section */

/* Begin PBXContainerItemProxy section */
		751A13D725C16B10007A0145 /* PBXContainerItemProxy */ = {
			isa = PBXContainerItemProxy;
			containerPortal = 751A13B825C16B0E007A0145 /* Project object */;
			proxyType = 1;
			remoteGlobalIDString = 751A13BF25C16B0E007A0145;
			remoteInfo = StopWatch;
		};
		751A13E225C16B10007A0145 /* PBXContainerItemProxy */ = {
			isa = PBXContainerItemProxy;
			containerPortal = 751A13B825C16B0E007A0145 /* Project object */;
			proxyType = 1;
			remoteGlobalIDString = 751A13BF25C16B0E007A0145;
			remoteInfo = StopWatch;
		};
/* End PBXContainerItemProxy section */

/* Begin PBXFileReference section */
		751A13C025C16B0E007A0145 /* StopWatch.app */ = {isa = PBXFileReference; explicitFileType = wrapper.application; includeInIndex = 0; path = StopWatch.app; sourceTree = BUILT_PRODUCTS_DIR; };
		751A13C325C16B0E007A0145 /* AppDelegate.swift */ = {isa = PBXFileReference; lastKnownFileType = sourcecode.swift; path = AppDelegate.swift; sourceTree = "<group>"; };
		751A13C525C16B0E007A0145 /* SceneDelegate.swift */ = {isa = PBXFileReference; lastKnownFileType = sourcecode.swift; path = SceneDelegate.swift; sourceTree = "<group>"; };
		751A13C725C16B0E007A0145 /* ViewController.swift */ = {isa = PBXFileReference; lastKnownFileType = sourcecode.swift; path = ViewController.swift; sourceTree = "<group>"; };
		751A13CA25C16B0E007A0145 /* Base */ = {isa = PBXFileReference; lastKnownFileType = file.storyboard; name = Base; path = Base.lproj/Main.storyboard; sourceTree = "<group>"; };
		751A13CC25C16B10007A0145 /* Assets.xcassets */ = {isa = PBXFileReference; lastKnownFileType = folder.assetcatalog; path = Assets.xcassets; sourceTree = "<group>"; };
		751A13CF25C16B10007A0145 /* Base */ = {isa = PBXFileReference; lastKnownFileType = file.storyboard; name = Base; path = Base.lproj/LaunchScreen.storyboard; sourceTree = "<group>"; };
		751A13D125C16B10007A0145 /* Info.plist */ = {isa = PBXFileReference; lastKnownFileType = text.plist.xml; path = Info.plist; sourceTree = "<group>"; };
		751A13D625C16B10007A0145 /* StopWatchTests.xctest */ = {isa = PBXFileReference; explicitFileType = wrapper.cfbundle; includeInIndex = 0; path = StopWatchTests.xctest; sourceTree = BUILT_PRODUCTS_DIR; };
		751A13DA25C16B10007A0145 /* StopWatchTests.swift */ = {isa = PBXFileReference; lastKnownFileType = sourcecode.swift; path = StopWatchTests.swift; sourceTree = "<group>"; };
		751A13DC25C16B10007A0145 /* Info.plist */ = {isa = PBXFileReference; lastKnownFileType = text.plist.xml; path = Info.plist; sourceTree = "<group>"; };
		751A13E125C16B10007A0145 /* StopWatchUITests.xctest */ = {isa = PBXFileReference; explicitFileType = wrapper.cfbundle; includeInIndex = 0; path = StopWatchUITests.xctest; sourceTree = BUILT_PRODUCTS_DIR; };
		751A13E525C16B10007A0145 /* StopWatchUITests.swift */ = {isa = PBXFileReference; lastKnownFileType = sourcecode.swift; path = StopWatchUITests.swift; sourceTree = "<group>"; };
		751A13E725C16B10007A0145 /* Info.plist */ = {isa = PBXFileReference; lastKnownFileType = text.plist.xml; path = Info.plist; sourceTree = "<group>"; };
/* End PBXFileReference section */

/* Begin PBXFrameworksBuildPhase section */
		751A13BD25C16B0E007A0145 /* Frameworks */ = {
			isa = PBXFrameworksBuildPhase;
			buildActionMask = 2147483647;
			files = (
			);
			runOnlyForDeploymentPostprocessing = 0;
		};
		751A13D325C16B10007A0145 /* Frameworks */ = {
			isa = PBXFrameworksBuildPhase;
			buildActionMask = 2147483647;
			files = (
			);
			runOnlyForDeploymentPostprocessing = 0;
		};
		751A13DE25C16B10007A0145 /* Frameworks */ = {
			isa = PBXFrameworksBuildPhase;
			buildActionMask = 2147483647;
			files = (
			);
			runOnlyForDeploymentPostprocessing = 0;
		};
/* End PBXFrameworksBuildPhase section */

/* Begin PBXGroup section */
		751A13B725C16B0E007A0145 = {
			isa = PBXGroup;
			children = (
				751A13C225C16B0E007A0145 /* StopWatch */,
				751A13D925C16B10007A0145 /* StopWatchTests */,
				751A13E425C16B10007A0145 /* StopWatchUITests */,
				751A13C125C16B0E007A0145 /* Products */,
			);
			sourceTree = "<group>";
		};
		751A13C125C16B0E007A0145 /* Products */ = {
			isa = PBXGroup;
			children = (
				751A13C025C16B0E007A0145 /* StopWatch.app */,
				751A13D625C16B10007A0145 /* StopWatchTests.xctest */,
				751A13E125C16B10007A0145 /* StopWatchUITests.xctest */,
			);
			name = Products;
			sourceTree = "<group>";
		};
		751A13C225C16B0E007A0145 /* StopWatch */ = {
			isa = PBXGroup;
			children = (
				751A13C325C16B0E007A0145 /* AppDelegate.swift */,
				751A13C525C16B0E007A0145 /* SceneDelegate.swift */,
				751A13C725C16B0E007A0145 /* ViewController.swift */,
				751A13C925C16B0E007A0145 /* Main.storyboard */,
				751A13CC25C16B10007A0145 /* Assets.xcassets */,
				751A13CE25C16B10007A0145 /* LaunchScreen.storyboard */,
				751A13D125C16B10007A0145 /* Info.plist */,
			);
			path = StopWatch;
			sourceTree = "<group>";
		};
		751A13D925C16B10007A0145 /* StopWatchTests */ = {
			isa = PBXGroup;
			children = (
				751A13DA25C16B10007A0145 /* StopWatchTests.swift */,
				751A13DC25C16B10007A0145 /* Info.plist */,
			);
			path = StopWatchTests;
			sourceTree = "<group>";
		};
		751A13E425C16B10007A0145 /* StopWatchUITests */ = {
			isa = PBXGroup;
			children = (
				751A13E525C16B10007A0145 /* StopWatchUITests.swift */,
				751A13E725C16B10007A0145 /* Info.plist */,
			);
			path = StopWatchUITests;
			sourceTree = "<group>";
		};
/* End PBXGroup section */

/* Begin PBXNativeTarget section */
		751A13BF25C16B0E007A0145 /* StopWatch */ = {
			isa = PBXNativeTarget;
			buildConfigurationList = 751A13EA25C16B10007A0145 /* Build configuration list for PBXNativeTarget "StopWatch" */;
			buildPhases = (
				751A13BC25C16B0E007A0145 /* Sources */,
				751A13BD25C16B0E007A0145 /* Frameworks */,
				751A13BE25C16B0E007A0145 /* Resources */,
			);
			buildRules = (
			);
			dependencies = (
			);
			name = StopWatch;
			productName = StopWatch;
			productReference = 751A13C025C16B0E007A0145 /* StopWatch.app */;
			productType = "com.apple.product-type.application";
		};
		751A13D525C16B10007A0145 /* StopWatchTests */ = {
			isa = PBXNativeTarget;
			buildConfigurationList = 751A13ED25C16B10007A0145 /* Build configuration list for PBXNativeTarget "StopWatchTests" */;
			buildPhases = (
				751A13D225C16B10007A0145 /* Sources */,
				751A13D325C16B10007A0145 /* Frameworks */,
				751A13D425C16B10007A0145 /* Resources */,
			);
			buildRules = (
			);
			dependencies = (
				751A13D825C16B10007A0145 /* PBXTargetDependency */,
			);
			name = StopWatchTests;
			productName = StopWatchTests;
			productReference = 751A13D625C16B10007A0145 /* StopWatchTests.xctest */;
			productType = "com.apple.product-type.bundle.unit-test";
		};
		751A13E025C16B10007A0145 /* StopWatchUITests */ = {
			isa = PBXNativeTarget;
			buildConfigurationList = 751A13F025C16B10007A0145 /* Build configuration list for PBXNativeTarget "StopWatchUITests" */;
			buildPhases = (
				751A13DD25C16B10007A0145 /* Sources */,
				751A13DE25C16B10007A0145 /* Frameworks */,
				751A13DF25C16B10007A0145 /* Resources */,
			);
			buildRules = (
			);
			dependencies = (
				751A13E325C16B10007A0145 /* PBXTargetDependency */,
			);
			name = StopWatchUITests;
			productName = StopWatchUITests;
			productReference = 751A13E125C16B10007A0145 /* StopWatchUITests.xctest */;
			productType = "com.apple.product-type.bundle.ui-testing";
		};
/* End PBXNativeTarget section */

/* Begin PBXProject section */
		751A13B825C16B0E007A0145 /* Project object */ = {
			isa = PBXProject;
			attributes = {
				LastSwiftUpdateCheck = 1240;
				LastUpgradeCheck = 1240;
				TargetAttributes = {
					751A13BF25C16B0E007A0145 = {
						CreatedOnToolsVersion = 12.4;
					};
					751A13D525C16B10007A0145 = {
						CreatedOnToolsVersion = 12.4;
						TestTargetID = 751A13BF25C16B0E007A0145;
					};
					751A13E025C16B10007A0145 = {
						CreatedOnToolsVersion = 12.4;
						TestTargetID = 751A13BF25C16B0E007A0145;
					};
				};
			};
			buildConfigurationList = 751A13BB25C16B0E007A0145 /* Build configuration list for PBXProject "StopWatch" */;
			compatibilityVersion = "Xcode 9.3";
			developmentRegion = en;
			hasScannedForEncodings = 0;
			knownRegions = (
				en,
				Base,
			);
			mainGroup = 751A13B725C16B0E007A0145;
			productRefGroup = 751A13C125C16B0E007A0145 /* Products */;
			projectDirPath = "";
			projectRoot = "";
			targets = (
				751A13BF25C16B0E007A0145 /* StopWatch */,
				751A13D525C16B10007A0145 /* StopWatchTests */,
				751A13E025C16B10007A0145 /* StopWatchUITests */,
			);
		};
/* End PBXProject section */

/* Begin PBXResourcesBuildPhase section */
		751A13BE25C16B0E007A0145 /* Resources */ = {
			isa = PBXResourcesBuildPhase;
			buildActionMask = 2147483647;
			files = (
				751A13D025C16B10007A0145 /* LaunchScreen.storyboard in Resources */,
				751A13CD25C16B10007A0145 /* Assets.xcassets in Resources */,
				751A13CB25C16B0E007A0145 /* Main.storyboard in Resources */,
			);
			runOnlyForDeploymentPostprocessing = 0;
		};
		751A13D425C16B10007A0145 /* Resources */ = {
			isa = PBXResourcesBuildPhase;
			buildActionMask = 2147483647;
			files = (
			);
			runOnlyForDeploymentPostprocessing = 0;
		};
		751A13DF25C16B10007A0145 /* Resources */ = {
			isa = PBXResourcesBuildPhase;
			buildActionMask = 2147483647;
			files = (
			);
			runOnlyForDeploymentPostprocessing = 0;
		};
/* End PBXResourcesBuildPhase section */

/* Begin PBXSourcesBuildPhase section */
		751A13BC25C16B0E007A0145 /* Sources */ = {
			isa = PBXSourcesBuildPhase;
			buildActionMask = 2147483647;
			files = (
				751A13C825C16B0E007A0145 /* ViewController.swift in Sources */,
				751A13C425C16B0E007A0145 /* AppDelegate.swift in Sources */,
				751A13C625C16B0E007A0145 /* SceneDelegate.swift in Sources */,
			);
			runOnlyForDeploymentPostprocessing = 0;
		};
		751A13D225C16B10007A0145 /* Sources */ = {
			isa = PBXSourcesBuildPhase;
			buildActionMask = 2147483647;
			files = (
				751A13DB25C16B10007A0145 /* StopWatchTests.swift in Sources */,
			);
			runOnlyForDeploymentPostprocessing = 0;
		};
		751A13DD25C16B10007A0145 /* Sources */ = {
			isa = PBXSourcesBuildPhase;
			buildActionMask = 2147483647;
			files = (
				751A13E625C16B10007A0145 /* StopWatchUITests.swift in Sources */,
			);
			runOnlyForDeploymentPostprocessing = 0;
		};
/* End PBXSourcesBuildPhase section */

/* Begin PBXTargetDependency section */
		751A13D825C16B10007A0145 /* PBXTargetDependency */ = {
			isa = PBXTargetDependency;
			target = 751A13BF25C16B0E007A0145 /* StopWatch */;
			targetProxy = 751A13D725C16B10007A0145 /* PBXContainerItemProxy */;
		};
		751A13E325C16B10007A0145 /* PBXTargetDependency */ = {
			isa = PBXTargetDependency;
			target = 751A13BF25C16B0E007A0145 /* StopWatch */;
			targetProxy = 751A13E225C16B10007A0145 /* PBXContainerItemProxy */;
		};
/* End PBXTargetDependency section */

/* Begin PBXVariantGroup section */
		751A13C925C16B0E007A0145 /* Main.storyboard */ = {
			isa = PBXVariantGroup;
			children = (
				751A13CA25C16B0E007A0145 /* Base */,
			);
			name = Main.storyboard;
			sourceTree = "<group>";
		};
		751A13CE25C16B10007A0145 /* LaunchScreen.storyboard */ = {
			isa = PBXVariantGroup;
			children = (
				751A13CF25C16B10007A0145 /* Base */,
			);
			name = LaunchScreen.storyboard;
			sourceTree = "<group>";
		};
/* End PBXVariantGroup section */

/* Begin XCBuildConfiguration section */
		751A13E825C16B10007A0145 /* Debug */ = {
			isa = XCBuildConfiguration;
			buildSettings = {
				ALWAYS_SEARCH_USER_PATHS = NO;
				CLANG_ANALYZER_NONNULL = YES;
				CLANG_ANALYZER_NUMBER_OBJECT_CONVERSION = YES_AGGRESSIVE;
				CLANG_CXX_LANGUAGE_STANDARD = "gnu++14";
				CLANG_CXX_LIBRARY = "libc++";
				CLANG_ENABLE_MODULES = YES;
				CLANG_ENABLE_OBJC_ARC = YES;
				CLANG_ENABLE_OBJC_WEAK = YES;
				CLANG_WARN_BLOCK_CAPTURE_AUTORELEASING = YES;
				CLANG_WARN_BOOL_CONVERSION = YES;
				CLANG_WARN_COMMA = YES;
				CLANG_WARN_CONSTANT_CONVERSION = YES;
				CLANG_WARN_DEPRECATED_OBJC_IMPLEMENTATIONS = YES;
				CLANG_WARN_DIRECT_OBJC_ISA_USAGE = YES_ERROR;
				CLANG_WARN_DOCUMENTATION_COMMENTS = YES;
				CLANG_WARN_EMPTY_BODY = YES;
				CLANG_WARN_ENUM_CONVERSION = YES;
				CLANG_WARN_INFINITE_RECURSION = YES;
				CLANG_WARN_INT_CONVERSION = YES;
				CLANG_WARN_NON_LITERAL_NULL_CONVERSION = YES;
				CLANG_WARN_OBJC_IMPLICIT_RETAIN_SELF = YES;
				CLANG_WARN_OBJC_LITERAL_CONVERSION = YES;
				CLANG_WARN_OBJC_ROOT_CLASS = YES_ERROR;
				CLANG_WARN_QUOTED_INCLUDE_IN_FRAMEWORK_HEADER = YES;
				CLANG_WARN_RANGE_LOOP_ANALYSIS = YES;
				CLANG_WARN_STRICT_PROTOTYPES = YES;
				CLANG_WARN_SUSPICIOUS_MOVE = YES;
				CLANG_WARN_UNGUARDED_AVAILABILITY = YES_AGGRESSIVE;
				CLANG_WARN_UNREACHABLE_CODE = YES;
				CLANG_WARN__DUPLICATE_METHOD_MATCH = YES;
				COPY_PHASE_STRIP = NO;
				DEBUG_INFORMATION_FORMAT = dwarf;
				ENABLE_STRICT_OBJC_MSGSEND = YES;
				ENABLE_TESTABILITY = YES;
				GCC_C_LANGUAGE_STANDARD = gnu11;
				GCC_DYNAMIC_NO_PIC = NO;
				GCC_NO_COMMON_BLOCKS = YES;
				GCC_OPTIMIZATION_LEVEL = 0;
				GCC_PREPROCESSOR_DEFINITIONS = (
					"DEBUG=1",
					"$(inherited)",
				);
				GCC_WARN_64_TO_32_BIT_CONVERSION = YES;
				GCC_WARN_ABOUT_RETURN_TYPE = YES_ERROR;
				GCC_WARN_UNDECLARED_SELECTOR = YES;
				GCC_WARN_UNINITIALIZED_AUTOS = YES_AGGRESSIVE;
				GCC_WARN_UNUSED_FUNCTION = YES;
				GCC_WARN_UNUSED_VARIABLE = YES;
				IPHONEOS_DEPLOYMENT_TARGET = 14.4;
				MTL_ENABLE_DEBUG_INFO = INCLUDE_SOURCE;
				MTL_FAST_MATH = YES;
				ONLY_ACTIVE_ARCH = YES;
				SDKROOT = iphoneos;
				SWIFT_ACTIVE_COMPILATION_CONDITIONS = DEBUG;
				SWIFT_OPTIMIZATION_LEVEL = "-Onone";
			};
			name = Debug;
		};
		751A13E925C16B10007A0145 /* Release */ = {
			isa = XCBuildConfiguration;
			buildSettings = {
				ALWAYS_SEARCH_USER_PATHS = NO;
				CLANG_ANALYZER_NONNULL = YES;
				CLANG_ANALYZER_NUMBER_OBJECT_CONVERSION = YES_AGGRESSIVE;
				CLANG_CXX_LANGUAGE_STANDARD = "gnu++14";
				CLANG_CXX_LIBRARY = "libc++";
				CLANG_ENABLE_MODULES = YES;
				CLANG_ENABLE_OBJC_ARC = YES;
				CLANG_ENABLE_OBJC_WEAK = YES;
				CLANG_WARN_BLOCK_CAPTURE_AUTORELEASING = YES;
				CLANG_WARN_BOOL_CONVERSION = YES;
				CLANG_WARN_COMMA = YES;
				CLANG_WARN_CONSTANT_CONVERSION = YES;
				CLANG_WARN_DEPRECATED_OBJC_IMPLEMENTATIONS = YES;
				CLANG_WARN_DIRECT_OBJC_ISA_USAGE = YES_ERROR;
				CLANG_WARN_DOCUMENTATION_COMMENTS = YES;
				CLANG_WARN_EMPTY_BODY = YES;
				CLANG_WARN_ENUM_CONVERSION = YES;
				CLANG_WARN_INFINITE_RECURSION = YES;
				CLANG_WARN_INT_CONVERSION = YES;
				CLANG_WARN_NON_LITERAL_NULL_CONVERSION = YES;
				CLANG_WARN_OBJC_IMPLICIT_RETAIN_SELF = YES;
				CLANG_WARN_OBJC_LITERAL_CONVERSION = YES;
				CLANG_WARN_OBJC_ROOT_CLASS = YES_ERROR;
				CLANG_WARN_QUOTED_INCLUDE_IN_FRAMEWORK_HEADER = YES;
				CLANG_WARN_RANGE_LOOP_ANALYSIS = YES;
				CLANG_WARN_STRICT_PROTOTYPES = YES;
				CLANG_WARN_SUSPICIOUS_MOVE = YES;
				CLANG_WARN_UNGUARDED_AVAILABILITY = YES_AGGRESSIVE;
				CLANG_WARN_UNREACHABLE_CODE = YES;
				CLANG_WARN__DUPLICATE_METHOD_MATCH = YES;
				COPY_PHASE_STRIP = NO;
				DEBUG_INFORMATION_FORMAT = "dwarf-with-dsym";
				ENABLE_NS_ASSERTIONS = NO;
				ENABLE_STRICT_OBJC_MSGSEND = YES;
				GCC_C_LANGUAGE_STANDARD = gnu11;
				GCC_NO_COMMON_BLOCKS = YES;
				GCC_WARN_64_TO_32_BIT_CONVERSION = YES;
				GCC_WARN_ABOUT_RETURN_TYPE = YES_ERROR;
				GCC_WARN_UNDECLARED_SELECTOR = YES;
				GCC_WARN_UNINITIALIZED_AUTOS = YES_AGGRESSIVE;
				GCC_WARN_UNUSED_FUNCTION = YES;
				GCC_WARN_UNUSED_VARIABLE = YES;
				IPHONEOS_DEPLOYMENT_TARGET = 14.4;
				MTL_ENABLE_DEBUG_INFO = NO;
				MTL_FAST_MATH = YES;
				SDKROOT = iphoneos;
				SWIFT_COMPILATION_MODE = wholemodule;
				SWIFT_OPTIMIZATION_LEVEL = "-O";
				VALIDATE_PRODUCT = YES;
			};
			name = Release;
		};
		751A13EB25C16B10007A0145 /* Debug */ = {
			isa = XCBuildConfiguration;
			buildSettings = {
				ASSETCATALOG_COMPILER_APPICON_NAME = AppIcon;
				ASSETCATALOG_COMPILER_GLOBAL_ACCENT_COLOR_NAME = AccentColor;
				CODE_SIGN_STYLE = Automatic;
				INFOPLIST_FILE = StopWatch/Info.plist;
				LD_RUNPATH_SEARCH_PATHS = (
					"$(inherited)",
					"@executable_path/Frameworks",
				);
				PRODUCT_BUNDLE_IDENTIFIER = app.higashida.yo.StopWatch;
				PRODUCT_NAME = "$(TARGET_NAME)";
				SWIFT_VERSION = 5.0;
				TARGETED_DEVICE_FAMILY = "1,2";
			};
			name = Debug;
		};
		751A13EC25C16B10007A0145 /* Release */ = {
			isa = XCBuildConfiguration;
			buildSettings = {
				ASSETCATALOG_COMPILER_APPICON_NAME = AppIcon;
				ASSETCATALOG_COMPILER_GLOBAL_ACCENT_COLOR_NAME = AccentColor;
				CODE_SIGN_STYLE = Automatic;
				INFOPLIST_FILE = StopWatch/Info.plist;
				LD_RUNPATH_SEARCH_PATHS = (
					"$(inherited)",
					"@executable_path/Frameworks",
				);
				PRODUCT_BUNDLE_IDENTIFIER = app.higashida.yo.StopWatch;
				PRODUCT_NAME = "$(TARGET_NAME)";
				SWIFT_VERSION = 5.0;
				TARGETED_DEVICE_FAMILY = "1,2";
			};
			name = Release;
		};
		751A13EE25C16B10007A0145 /* Debug */ = {
			isa = XCBuildConfiguration;
			buildSettings = {
				ALWAYS_EMBED_SWIFT_STANDARD_LIBRARIES = YES;
				BUNDLE_LOADER = "$(TEST_HOST)";
				CODE_SIGN_STYLE = Automatic;
				INFOPLIST_FILE = StopWatchTests/Info.plist;
				IPHONEOS_DEPLOYMENT_TARGET = 14.4;
				LD_RUNPATH_SEARCH_PATHS = (
					"$(inherited)",
					"@executable_path/Frameworks",
					"@loader_path/Frameworks",
				);
				PRODUCT_BUNDLE_IDENTIFIER = app.higashida.yo.StopWatchTests;
				PRODUCT_NAME = "$(TARGET_NAME)";
				SWIFT_VERSION = 5.0;
				TARGETED_DEVICE_FAMILY = "1,2";
				TEST_HOST = "$(BUILT_PRODUCTS_DIR)/StopWatch.app/StopWatch";
			};
			name = Debug;
		};
		751A13EF25C16B10007A0145 /* Release */ = {
			isa = XCBuildConfiguration;
			buildSettings = {
				ALWAYS_EMBED_SWIFT_STANDARD_LIBRARIES = YES;
				BUNDLE_LOADER = "$(TEST_HOST)";
				CODE_SIGN_STYLE = Automatic;
				INFOPLIST_FILE = StopWatchTests/Info.plist;
				IPHONEOS_DEPLOYMENT_TARGET = 14.4;
				LD_RUNPATH_SEARCH_PATHS = (
					"$(inherited)",
					"@executable_path/Frameworks",
					"@loader_path/Frameworks",
				);
				PRODUCT_BUNDLE_IDENTIFIER = app.higashida.yo.StopWatchTests;
				PRODUCT_NAME = "$(TARGET_NAME)";
				SWIFT_VERSION = 5.0;
				TARGETED_DEVICE_FAMILY = "1,2";
				TEST_HOST = "$(BUILT_PRODUCTS_DIR)/StopWatch.app/StopWatch";
			};
			name = Release;
		};
		751A13F125C16B10007A0145 /* Debug */ = {
			isa = XCBuildConfiguration;
			buildSettings = {
				ALWAYS_EMBED_SWIFT_STANDARD_LIBRARIES = YES;
				CODE_SIGN_STYLE = Automatic;
				INFOPLIST_FILE = StopWatchUITests/Info.plist;
				LD_RUNPATH_SEARCH_PATHS = (
					"$(inherited)",
					"@executable_path/Frameworks",
					"@loader_path/Frameworks",
				);
				PRODUCT_BUNDLE_IDENTIFIER = app.higashida.yo.StopWatchUITests;
				PRODUCT_NAME = "$(TARGET_NAME)";
				SWIFT_VERSION = 5.0;
				TARGETED_DEVICE_FAMILY = "1,2";
				TEST_TARGET_NAME = StopWatch;
			};
			name = Debug;
		};
		751A13F225C16B10007A0145 /* Release */ = {
			isa = XCBuildConfiguration;
			buildSettings = {
				ALWAYS_EMBED_SWIFT_STANDARD_LIBRARIES = YES;
				CODE_SIGN_STYLE = Automatic;
				INFOPLIST_FILE = StopWatchUITests/Info.plist;
				LD_RUNPATH_SEARCH_PATHS = (
					"$(inherited)",
					"@executable_path/Frameworks",
					"@loader_path/Frameworks",
				);
				PRODUCT_BUNDLE_IDENTIFIER = app.higashida.yo.StopWatchUITests;
				PRODUCT_NAME = "$(TARGET_NAME)";
				SWIFT_VERSION = 5.0;
				TARGETED_DEVICE_FAMILY = "1,2";
				TEST_TARGET_NAME = StopWatch;
			};
			name = Release;
		};
/* End XCBuildConfiguration section */

/* Begin XCConfigurationList section */
		751A13BB25C16B0E007A0145 /* Build configuration list for PBXProject "StopWatch" */ = {
			isa = XCConfigurationList;
			buildConfigurations = (
				751A13E825C16B10007A0145 /* Debug */,
				751A13E925C16B10007A0145 /* Release */,
			);
			defaultConfigurationIsVisible = 0;
			defaultConfigurationName = Release;
		};
		751A13EA25C16B10007A0145 /* Build configuration list for PBXNativeTarget "StopWatch" */ = {
			isa = XCConfigurationList;
			buildConfigurations = (
				751A13EB25C16B10007A0145 /* Debug */,
				751A13EC25C16B10007A0145 /* Release */,
			);
			defaultConfigurationIsVisible = 0;
			defaultConfigurationName = Release;
		};
		751A13ED25C16B10007A0145 /* Build configuration list for PBXNativeTarget "StopWatchTests" */ = {
			isa = XCConfigurationList;
			buildConfigurations = (
				751A13EE25C16B10007A0145 /* Debug */,
				751A13EF25C16B10007A0145 /* Release */,
			);
			defaultConfigurationIsVisible = 0;
			defaultConfigurationName = Release;
		};
		751A13F025C16B10007A0145 /* Build configuration list for PBXNativeTarget "StopWatchUITests" */ = {
			isa = XCConfigurationList;
			buildConfigurations = (
				751A13F125C16B10007A0145 /* Debug */,
				751A13F225C16B10007A0145 /* Release */,
			);
			defaultConfigurationIsVisible = 0;
			defaultConfigurationName = Release;
		};
/* End XCConfigurationList section */
	};
	rootObject = 751A13B825C16B0E007A0145 /* Project object */;
}
